
Microsoft Visual Studio Solution File, Format Version 12.00
# Visual Studio Version 16
VisualStudioVersion = 16.0.30204.135
MinimumVisualStudioVersion = 10.0.40219.1
Project("{FAE04EC0-301F-11D3-BF4B-00C04F79EFBC}") = "MVC.PROYECTO.VENTAONLINE.WEB", "MVC.PROYECTO.VENTAONLINE.WEB\MVC.PROYECTO.VENTAONLINE.WEB.csproj", "{3B0CDA36-A83F-4CE1-867F-92CF01F1A6FA}"
EndProject
Project("{FAE04EC0-301F-11D3-BF4B-00C04F79EFBC}") = "MVC.PROYECTO.VENTAONLINE.APPLICATION", "MVC.PROYECTO.VENTAONLINE.APPLICATION\MVC.PROYECTO.VENTAONLINE.APPLICATION.csproj", "{2D0D66F6-F815-4273-B469-8D2F501125DE}"
EndProject
Project("{FAE04EC0-301F-11D3-BF4B-00C04F79EFBC}") = "MVC.PROYECTO.VENTAONLINE.APPLICATION.DTO", "MVC.PROYECTO.VENTAONLINE.APPLICATION.DTO\MVC.PROYECTO.VENTAONLINE.APPLICATION.DTO.csproj", "{C8B440E0-C70A-41D2-959F-07368A63DB0B}"
EndProject
Project("{FAE04EC0-301F-11D3-BF4B-00C04F79EFBC}") = "MVC.PROYECTO.VENTAONLINE.APPLICATION.INTERFACES", "MVC.PROYECTO.VENTAONLINE.APPLICATION.INTERFACES\MVC.PROYECTO.VENTAONLINE.APPLICATION.INTERFACES.csproj", "{C93E2FE1-0E38-4B36-A80F-0F95023E56D7}"
EndProject
Project("{FAE04EC0-301F-11D3-BF4B-00C04F79EFBC}") = "MVC.PROYECTO.VENTAONLINE.APPLICATION.INFRAESTRUCTURE", "MVC.PROYECTO.VENTAONLINE.APPLICATION.INFRAESTRUCTURE\MVC.PROYECTO.VENTAONLINE.APPLICATION.INFRAESTRUCTURE.csproj", "{D8A63871-B92B-47F9-AD00-7660149649C3}"
EndProject
Project("{FAE04EC0-301F-11D3-BF4B-00C04F79EFBC}") = "MVC.PROYECTO.VENTAONLINE.DOMAIN", "MVC.PROYECTO.VENTAONLINE.DOMAIN\MVC.PROYECTO.VENTAONLINE.DOMAIN.csproj", "{70B62BE3-4205-4005-AA84-F2D3F6D9F8C0}"
EndProject
Global
	GlobalSection(SolutionConfigurationPlatforms) = preSolution
		Debug|Any CPU = Debug|Any CPU
		Release|Any CPU = Release|Any CPU
	EndGlobalSection
	GlobalSection(ProjectConfigurationPlatforms) = postSolution
		{3B0CDA36-A83F-4CE1-867F-92CF01F1A6FA}.Debug|Any CPU.ActiveCfg = Debug|Any CPU
		{3B0CDA36-A83F-4CE1-867F-92CF01F1A6FA}.Debug|Any CPU.Build.0 = Debug|Any CPU
		{3B0CDA36-A83F-4CE1-867F-92CF01F1A6FA}.Release|Any CPU.ActiveCfg = Release|Any CPU
		{3B0CDA36-A83F-4CE1-867F-92CF01F1A6FA}.Release|Any CPU.Build.0 = Release|Any CPU
		{2D0D66F6-F815-4273-B469-8D2F501125DE}.Debug|Any CPU.ActiveCfg = Debug|Any CPU
		{2D0D66F6-F815-4273-B469-8D2F501125DE}.Debug|Any CPU.Build.0 = Debug|Any CPU
		{2D0D66F6-F815-4273-B469-8D2F501125DE}.Release|Any CPU.ActiveCfg = Release|Any CPU
		{2D0D66F6-F815-4273-B469-8D2F501125DE}.Release|Any CPU.Build.0 = Release|Any CPU
		{C8B440E0-C70A-41D2-959F-07368A63DB0B}.Debug|Any CPU.ActiveCfg = Debug|Any CPU
		{C8B440E0-C70A-41D2-959F-07368A63DB0B}.Debug|Any CPU.Build.0 = Debug|Any CPU
		{C8B440E0-C70A-41D2-959F-07368A63DB0B}.Release|Any CPU.ActiveCfg = Release|Any CPU
		{C8B440E0-C70A-41D2-959F-07368A63DB0B}.Release|Any CPU.Build.0 = Release|Any CPU
		{C93E2FE1-0E38-4B36-A80F-0F95023E56D7}.Debug|Any CPU.ActiveCfg = Debug|Any CPU
		{C93E2FE1-0E38-4B36-A80F-0F95023E56D7}.Debug|Any CPU.Build.0 = Debug|Any CPU
		{C93E2FE1-0E38-4B36-A80F-0F95023E56D7}.Release|Any CPU.ActiveCfg = Release|Any CPU
		{C93E2FE1-0E38-4B36-A80F-0F95023E56D7}.Release|Any CPU.Build.0 = Release|Any CPU
		{D8A63871-B92B-47F9-AD00-7660149649C3}.Debug|Any CPU.ActiveCfg = Debug|Any CPU
		{D8A63871-B92B-47F9-AD00-7660149649C3}.Debug|Any CPU.Build.0 = Debug|Any CPU
		{D8A63871-B92B-47F9-AD00-7660149649C3}.Release|Any CPU.ActiveCfg = Release|Any CPU
		{D8A63871-B92B-47F9-AD00-7660149649C3}.Release|Any CPU.Build.0 = Release|Any CPU
		{70B62BE3-4205-4005-AA84-F2D3F6D9F8C0}.Debug|Any CPU.ActiveCfg = Debug|Any CPU
		{70B62BE3-4205-4005-AA84-F2D3F6D9F8C0}.Debug|Any CPU.Build.0 = Debug|Any CPU
		{70B62BE3-4205-4005-AA84-F2D3F6D9F8C0}.Release|Any CPU.ActiveCfg = Release|Any CPU
		{70B62BE3-4205-4005-AA84-F2D3F6D9F8C0}.Release|Any CPU.Build.0 = Release|Any CPU
	EndGlobalSection
	GlobalSection(SolutionProperties) = preSolution
		HideSolutionNode = FALSE
	EndGlobalSection
	GlobalSection(ExtensibilityGlobals) = postSolution
		SolutionGuid = {0413E9B9-3F3C-45B3-AC33-54E56E125DA4}
	EndGlobalSection
EndGlobal
